<Solution>
  <Folder Name="/src/">
    <Project Path="src/Cosmos.EffectAlgebra.Analyzer/Cosmos.EffectAlgebra.Analyzer.csproj" />
    <Project Path="src/Cosmos.EffectAlgebra.Generator/Cosmos.EffectAlgebra.Generator.csproj" />
    <Project Path="src/Cosmos.EffectAlgebra.Tool/Cosmos.EffectAlgebra.Tool.csproj" />
    <Project Path="src/Cosmos.EffectAlgebra/Cosmos.EffectAlgebra.csproj" />
    <Project Path="src/Cosmos.EffectAlgebra.Runtime/Cosmos.EffectAlgebra.Runtime.csproj" />
  </Folder>
  <Folder Name="/tests/">
    <Project Path="tests/Cosmos.EffectAlgebra.Tests/Cosmos.EffectAlgebra.Tests.csproj" />
    <Project Path="tests/Cosmos.EffectAlgebra.Runtime.Tests/Cosmos.EffectAlgebra.Runtime.Tests.csproj" />
  </Folder>
  <Folder Name="/samples/">
    <Project Path="samples/GodotIntegration/SampleGame.csproj" />
    <!-- R3-CI-01：net8 消费验证/分析器接线验证工程入门（否则「net8 兼容」声明无门背书，可静默腐烂） -->
    <Project Path="samples/GodotReal/GodotReal.csproj" />
    <Project Path="samples/AnalyzerConsumer/AnalyzerConsumer.csproj" />
  </Folder>
</Solution>
